// !$*UTF8*$!
{
	archiveVersion = 1;
	classes = {
	};
	objectVersion = 50;
	objects = {

/* Begin PBXBuildFile section */
		F93EA01024E941EE007206EB /* SFSymbolNameContentView.swift in Sources */ = {isa = PBXBuildFile; fileRef = F93EA00F24E941EE007206EB /* SFSymbolNameContentView.swift */; };
		F93EA01224E941F5007206EB /* SFSymbolNameContentView.xib in Resources */ = {isa = PBXBuildFile; fileRef = F93EA01124E941F5007206EB /* SFSymbolNameContentView.xib */; };
		F940B00F24C3E259000E6D17 /* AppDelegate.swift in Sources */ = {isa = PBXBuildFile; fileRef = F940B00E24C3E259000E6D17 /* AppDelegate.swift */; };
		F940B01124C3E259000E6D17 /* SceneDelegate.swift in Sources */ = {isa = PBXBuildFile; fileRef = F940B01024C3E259000E6D17 /* SceneDelegate.swift */; };
		F940B01324C3E259000E6D17 /* BasicListViewController.swift in Sources */ = {isa = PBXBuildFile; fileRef = F940B01224C3E259000E6D17 /* BasicListViewController.swift */; };
		F940B01624C3E259000E6D17 /* Main.storyboard in Resources */ = {isa = PBXBuildFile; fileRef = F940B01424C3E259000E6D17 /* Main.storyboard */; };
		F940B01824C3E25B000E6D17 /* Assets.xcassets in Resources */ = {isa = PBXBuildFile; fileRef = F940B01724C3E25B000E6D17 /* Assets.xcassets */; };
		F940B01B24C3E25B000E6D17 /* LaunchScreen.storyboard in Resources */ = {isa = PBXBuildFile; fileRef = F940B01924C3E25B000E6D17 /* LaunchScreen.storyboard */; };
		F9660949251A460D00C2DB98 /* Model.swift in Sources */ = {isa = PBXBuildFile; fileRef = F9660948251A460D00C2DB98 /* Model.swift */; };
		F96AFF452524CC6D00F24248 /* ReloadReferenceTypeViewController.swift in Sources */ = {isa = PBXBuildFile; fileRef = F96AFF442524CC6D00F24248 /* ReloadReferenceTypeViewController.swift */; };
		F96AFF482524CE3D00F24248 /* ReloadValueTypeViewController.swift in Sources */ = {isa = PBXBuildFile; fileRef = F96AFF472524CE3D00F24248 /* ReloadValueTypeViewController.swift */; };
		F97AD794250393C1006B9692 /* SingleSecExpandableListViewController.swift in Sources */ = {isa = PBXBuildFile; fileRef = F97AD793250393C1006B9692 /* SingleSecExpandableListViewController.swift */; };
		F986E53C24D5AC8F007431C2 /* CustomCellListViewController.swift in Sources */ = {isa = PBXBuildFile; fileRef = F986E53B24D5AC8F007431C2 /* CustomCellListViewController.swift */; };
		F986E53E24D5AE3B007431C2 /* SFSymbolContentConfiguration.swift in Sources */ = {isa = PBXBuildFile; fileRef = F986E53D24D5AE3B007431C2 /* SFSymbolContentConfiguration.swift */; };
		F986E54024D5AFEE007431C2 /* SFSymbolVerticalContentView.swift in Sources */ = {isa = PBXBuildFile; fileRef = F986E53F24D5AFEE007431C2 /* SFSymbolVerticalContentView.swift */; };
		F99F952124D67484004C4002 /* SFSymbolVerticalListCell.swift in Sources */ = {isa = PBXBuildFile; fileRef = F99F952024D67484004C4002 /* SFSymbolVerticalListCell.swift */; };
		F9A404342502535600582192 /* MultiSecExpandableListViewController.swift in Sources */ = {isa = PBXBuildFile; fileRef = F9A404332502535600582192 /* MultiSecExpandableListViewController.swift */; };
		F9E5E99A24EAC0C900D59C15 /* SFSymbolNameListCell.swift in Sources */ = {isa = PBXBuildFile; fileRef = F9E5E99924EAC0C900D59C15 /* SFSymbolNameListCell.swift */; };
		F9E5E99C24EAC18700D59C15 /* SFSymbolNameContentConfiguration.swift in Sources */ = {isa = PBXBuildFile; fileRef = F9E5E99B24EAC18700D59C15 /* SFSymbolNameContentConfiguration.swift */; };
		F9E5E99E24EAC39000D59C15 /* NameListViewController.swift in Sources */ = {isa = PBXBuildFile; fileRef = F9E5E99D24EAC39000D59C15 /* NameListViewController.swift */; };
/* End PBXBuildFile section */

/* Begin PBXFileReference section */
		F93EA00F24E941EE007206EB /* SFSymbolNameContentView.swift */ = {isa = PBXFileReference; lastKnownFileType = sourcecode.swift; path = SFSymbolNameContentView.swift; sourceTree = "<group>"; };
		F93EA01124E941F5007206EB /* SFSymbolNameContentView.xib */ = {isa = PBXFileReference; lastKnownFileType = file.xib; path = SFSymbolNameContentView.xib; sourceTree = "<group>"; };
		F940B00B24C3E259000E6D17 /* Swift-Senpai-UICollectionView-List.app */ = {isa = PBXFileReference; explicitFileType = wrapper.application; includeInIndex = 0; path = "Swift-Senpai-UICollectionView-List.app"; sourceTree = BUILT_PRODUCTS_DIR; };
		F940B00E24C3E259000E6D17 /* AppDelegate.swift */ = {isa = PBXFileReference; lastKnownFileType = sourcecode.swift; path = AppDelegate.swift; sourceTree = "<group>"; };
		F940B01024C3E259000E6D17 /* SceneDelegate.swift */ = {isa = PBXFileReference; lastKnownFileType = sourcecode.swift; path = SceneDelegate.swift; sourceTree = "<group>"; };
		F940B01224C3E259000E6D17 /* BasicListViewController.swift */ = {isa = PBXFileReference; lastKnownFileType = sourcecode.swift; path = BasicListViewController.swift; sourceTree = "<group>"; };
		F940B01524C3E259000E6D17 /* Base */ = {isa = PBXFileReference; lastKnownFileType = file.storyboard; name = Base; path = Base.lproj/Main.storyboard; sourceTree = "<group>"; };
		F940B01724C3E25B000E6D17 /* Assets.xcassets */ = {isa = PBXFileReference; lastKnownFileType = folder.assetcatalog; path = Assets.xcassets; sourceTree = "<group>"; };
		F940B01A24C3E25B000E6D17 /* Base */ = {isa = PBXFileReference; lastKnownFileType = file.storyboard; name = Base; path = Base.lproj/LaunchScreen.storyboard; sourceTree = "<group>"; };
		F940B01C24C3E25B000E6D17 /* Info.plist */ = {isa = PBXFileReference; lastKnownFileType = text.plist.xml; path = Info.plist; sourceTree = "<group>"; };
		F9660948251A460D00C2DB98 /* Model.swift */ = {isa = PBXFileReference; lastKnownFileType = sourcecode.swift; path = Model.swift; sourceTree = "<group>"; };
		F96AFF442524CC6D00F24248 /* ReloadReferenceTypeViewController.swift */ = {isa = PBXFileReference; lastKnownFileType = sourcecode.swift; path = ReloadReferenceTypeViewController.swift; sourceTree = "<group>"; };
		F96AFF472524CE3D00F24248 /* ReloadValueTypeViewController.swift */ = {isa = PBXFileReference; lastKnownFileType = sourcecode.swift; path = ReloadValueTypeViewController.swift; sourceTree = "<group>"; };
		F97AD793250393C1006B9692 /* SingleSecExpandableListViewController.swift */ = {isa = PBXFileReference; lastKnownFileType = sourcecode.swift; path = SingleSecExpandableListViewController.swift; sourceTree = "<group>"; };
		F986E53B24D5AC8F007431C2 /* CustomCellListViewController.swift */ = {isa = PBXFileReference; lastKnownFileType = sourcecode.swift; path = CustomCellListViewController.swift; sourceTree = "<group>"; };
		F986E53D24D5AE3B007431C2 /* SFSymbolContentConfiguration.swift */ = {isa = PBXFileReference; lastKnownFileType = sourcecode.swift; path = SFSymbolContentConfiguration.swift; sourceTree = "<group>"; };
		F986E53F24D5AFEE007431C2 /* SFSymbolVerticalContentView.swift */ = {isa = PBXFileReference; lastKnownFileType = sourcecode.swift; path = SFSymbolVerticalContentView.swift; sourceTree = "<group>"; };
		F99F952024D67484004C4002 /* SFSymbolVerticalListCell.swift */ = {isa = PBXFileReference; lastKnownFileType = sourcecode.swift; path = SFSymbolVerticalListCell.swift; sourceTree = "<group>"; };
		F9A404332502535600582192 /* MultiSecExpandableListViewController.swift */ = {isa = PBXFileReference; lastKnownFileType = sourcecode.swift; path = MultiSecExpandableListViewController.swift; sourceTree = "<group>"; };
		F9E5E99924EAC0C900D59C15 /* SFSymbolNameListCell.swift */ = {isa = PBXFileReference; lastKnownFileType = sourcecode.swift; path = SFSymbolNameListCell.swift; sourceTree = "<group>"; };
		F9E5E99B24EAC18700D59C15 /* SFSymbolNameContentConfiguration.swift */ = {isa = PBXFileReference; lastKnownFileType = sourcecode.swift; path = SFSymbolNameContentConfiguration.swift; sourceTree = "<group>"; };
		F9E5E99D24EAC39000D59C15 /* NameListViewController.swift */ = {isa = PBXFileReference; lastKnownFileType = sourcecode.swift; path = NameListViewController.swift; sourceTree = "<group>"; };
/* End PBXFileReference section */

/* Begin PBXFrameworksBuildPhase section */
		F940B00824C3E259000E6D17 /* Frameworks */ = {
			isa = PBXFrameworksBuildPhase;
			buildActionMask = 2147483647;
			files = (
			);
			runOnlyForDeploymentPostprocessing = 0;
		};
/* End PBXFrameworksBuildPhase section */

/* Begin PBXGroup section */
		F940B00224C3E259000E6D17 = {
			isa = PBXGroup;
			children = (
				F940B00D24C3E259000E6D17 /* Swift-Senpai-UICollectionView-List */,
				F940B00C24C3E259000E6D17 /* Products */,
			);
			sourceTree = "<group>";
		};
		F940B00C24C3E259000E6D17 /* Products */ = {
			isa = PBXGroup;
			children = (
				F940B00B24C3E259000E6D17 /* Swift-Senpai-UICollectionView-List.app */,
			);
			name = Products;
			sourceTree = "<group>";
		};
		F940B00D24C3E259000E6D17 /* Swift-Senpai-UICollectionView-List */ = {
			isa = PBXGroup;
			children = (
				F96AFF422524C98800F24248 /* Reload Cell */,
				F94C4FCE24F69E6500BF6544 /* Expandable List */,
				F9E5E99824EAC05600D59C15 /* Basic List */,
				F986E53A24D5AC6A007431C2 /* Custom Cell */,
				F984D41B24E8C7CB0029679F /* Custom Cell - nib */,
				F9660948251A460D00C2DB98 /* Model.swift */,
				F940B00E24C3E259000E6D17 /* AppDelegate.swift */,
				F940B01024C3E259000E6D17 /* SceneDelegate.swift */,
				F940B01424C3E259000E6D17 /* Main.storyboard */,
				F940B01724C3E25B000E6D17 /* Assets.xcassets */,
				F940B01924C3E25B000E6D17 /* LaunchScreen.storyboard */,
				F940B01C24C3E25B000E6D17 /* Info.plist */,
			);
			path = "Swift-Senpai-UICollectionView-List";
			sourceTree = "<group>";
		};
		F94C4FCE24F69E6500BF6544 /* Expandable List */ = {
			isa = PBXGroup;
			children = (
				F97AD793250393C1006B9692 /* SingleSecExpandableListViewController.swift */,
				F9A404332502535600582192 /* MultiSecExpandableListViewController.swift */,
			);
			path = "Expandable List";
			sourceTree = "<group>";
		};
		F96AFF422524C98800F24248 /* Reload Cell */ = {
			isa = PBXGroup;
			children = (
				F96AFF442524CC6D00F24248 /* ReloadReferenceTypeViewController.swift */,
				F96AFF472524CE3D00F24248 /* ReloadValueTypeViewController.swift */,
			);
			path = "Reload Cell";
			sourceTree = "<group>";
		};
		F984D41B24E8C7CB0029679F /* Custom Cell - nib */ = {
			isa = PBXGroup;
			children = (
				F9E5E99D24EAC39000D59C15 /* NameListViewController.swift */,
				F9E5E99B24EAC18700D59C15 /* SFSymbolNameContentConfiguration.swift */,
				F9E5E99924EAC0C900D59C15 /* SFSymbolNameListCell.swift */,
				F93EA00F24E941EE007206EB /* SFSymbolNameContentView.swift */,
				F93EA01124E941F5007206EB /* SFSymbolNameContentView.xib */,
			);
			path = "Custom Cell - nib";
			sourceTree = "<group>";
		};
		F986E53A24D5AC6A007431C2 /* Custom Cell */ = {
			isa = PBXGroup;
			children = (
				F986E53B24D5AC8F007431C2 /* CustomCellListViewController.swift */,
				F986E53D24D5AE3B007431C2 /* SFSymbolContentConfiguration.swift */,
				F99F952024D67484004C4002 /* SFSymbolVerticalListCell.swift */,
				F986E53F24D5AFEE007431C2 /* SFSymbolVerticalContentView.swift */,
			);
			path = "Custom Cell";
			sourceTree = "<group>";
		};
		F9E5E99824EAC05600D59C15 /* Basic List */ = {
			isa = PBXGroup;
			children = (
				F940B01224C3E259000E6D17 /* BasicListViewController.swift */,
			);
			path = "Basic List";
			sourceTree = "<group>";
		};
/* End PBXGroup section */

/* Begin PBXNativeTarget section */
		F940B00A24C3E259000E6D17 /* Swift-Senpai-UICollectionView-List */ = {
			isa = PBXNativeTarget;
			buildConfigurationList = F940B01F24C3E25B000E6D17 /* Build configuration list for PBXNativeTarget "Swift-Senpai-UICollectionView-List" */;
			buildPhases = (
				F940B00724C3E259000E6D17 /* Sources */,
				F940B00824C3E259000E6D17 /* Frameworks */,
				F940B00924C3E259000E6D17 /* Resources */,
			);
			buildRules = (
			);
			dependencies = (
			);
			name = "Swift-Senpai-UICollectionView-List";
			productName = "Swift-Senpai-UICollectionView-List";
			productReference = F940B00B24C3E259000E6D17 /* Swift-Senpai-UICollectionView-List.app */;
			productType = "com.apple.product-type.application";
		};
/* End PBXNativeTarget section */

/* Begin PBXProject section */
		F940B00324C3E259000E6D17 /* Project object */ = {
			isa = PBXProject;
			attributes = {
				LastSwiftUpdateCheck = 1200;
				LastUpgradeCheck = 1200;
				TargetAttributes = {
					F940B00A24C3E259000E6D17 = {
						CreatedOnToolsVersion = 12.0;
					};
				};
			};
			buildConfigurationList = F940B00624C3E259000E6D17 /* Build configuration list for PBXProject "Swift-Senpai-UICollectionView-List" */;
			compatibilityVersion = "Xcode 9.3";
			developmentRegion = en;
			hasScannedForEncodings = 0;
			knownRegions = (
				en,
				Base,
			);
			mainGroup = F940B00224C3E259000E6D17;
			productRefGroup = F940B00C24C3E259000E6D17 /* Products */;
			projectDirPath = "";
			projectRoot = "";
			targets = (
				F940B00A24C3E259000E6D17 /* Swift-Senpai-UICollectionView-List */,
			);
		};
/* End PBXProject section */

/* Begin PBXResourcesBuildPhase section */
		F940B00924C3E259000E6D17 /* Resources */ = {
			isa = PBXResourcesBuildPhase;
			buildActionMask = 2147483647;
			files = (
				F93EA01224E941F5007206EB /* SFSymbolNameContentView.xib in Resources */,
				F940B01B24C3E25B000E6D17 /* LaunchScreen.storyboard in Resources */,
				F940B01824C3E25B000E6D17 /* Assets.xcassets in Resources */,
				F940B01624C3E259000E6D17 /* Main.storyboard in Resources */,
			);
			runOnlyForDeploymentPostprocessing = 0;
		};
/* End PBXResourcesBuildPhase section */

/* Begin PBXSourcesBuildPhase section */
		F940B00724C3E259000E6D17 /* Sources */ = {
			isa = PBXSourcesBuildPhase;
			buildActionMask = 2147483647;
			files = (
				F986E53C24D5AC8F007431C2 /* CustomCellListViewController.swift in Sources */,
				F9E5E99A24EAC0C900D59C15 /* SFSymbolNameListCell.swift in Sources */,
				F97AD794250393C1006B9692 /* SingleSecExpandableListViewController.swift in Sources */,
				F9E5E99E24EAC39000D59C15 /* NameListViewController.swift in Sources */,
				F99F952124D67484004C4002 /* SFSymbolVerticalListCell.swift in Sources */,
				F940B01324C3E259000E6D17 /* BasicListViewController.swift in Sources */,
				F93EA01024E941EE007206EB /* SFSymbolNameContentView.swift in Sources */,
				F9660949251A460D00C2DB98 /* Model.swift in Sources */,
				F940B00F24C3E259000E6D17 /* AppDelegate.swift in Sources */,
				F9E5E99C24EAC18700D59C15 /* SFSymbolNameContentConfiguration.swift in Sources */,
				F940B01124C3E259000E6D17 /* SceneDelegate.swift in Sources */,
				F96AFF482524CE3D00F24248 /* ReloadValueTypeViewController.swift in Sources */,
				F986E54024D5AFEE007431C2 /* SFSymbolVerticalContentView.swift in Sources */,
				F986E53E24D5AE3B007431C2 /* SFSymbolContentConfiguration.swift in Sources */,
				F9A404342502535600582192 /* MultiSecExpandableListViewController.swift in Sources */,
				F96AFF452524CC6D00F24248 /* ReloadReferenceTypeViewController.swift in Sources */,
			);
			runOnlyForDeploymentPostprocessing = 0;
		};
/* End PBXSourcesBuildPhase section */

/* Begin PBXVariantGroup section */
		F940B01424C3E259000E6D17 /* Main.storyboard */ = {
			isa = PBXVariantGroup;
			children = (
				F940B01524C3E259000E6D17 /* Base */,
			);
			name = Main.storyboard;
			sourceTree = "<group>";
		};
		F940B01924C3E25B000E6D17 /* LaunchScreen.storyboard */ = {
			isa = PBXVariantGroup;
			children = (
				F940B01A24C3E25B000E6D17 /* Base */,
			);
			name = LaunchScreen.storyboard;
			sourceTree = "<group>";
		};
/* End PBXVariantGroup section */

/* Begin XCBuildConfiguration section */
		F940B01D24C3E25B000E6D17 /* Debug */ = {
			isa = XCBuildConfiguration;
			buildSettings = {
				ALWAYS_SEARCH_USER_PATHS = NO;
				CLANG_ANALYZER_NONNULL = YES;
				CLANG_ANALYZER_NUMBER_OBJECT_CONVERSION = YES_AGGRESSIVE;
				CLANG_CXX_LANGUAGE_STANDARD = "gnu++14";
				CLANG_CXX_LIBRARY = "libc++";
				CLANG_ENABLE_MODULES = YES;
				CLANG_ENABLE_OBJC_ARC = YES;
				CLANG_ENABLE_OBJC_WEAK = YES;
				CLANG_WARN_BLOCK_CAPTURE_AUTORELEASING = YES;
				CLANG_WARN_BOOL_CONVERSION = YES;
				CLANG_WARN_COMMA = YES;
				CLANG_WARN_CONSTANT_CONVERSION = YES;
				CLANG_WARN_DEPRECATED_OBJC_IMPLEMENTATIONS = YES;
				CLANG_WARN_DIRECT_OBJC_ISA_USAGE = YES_ERROR;
				CLANG_WARN_DOCUMENTATION_COMMENTS = YES;
				CLANG_WARN_EMPTY_BODY = YES;
				CLANG_WARN_ENUM_CONVERSION = YES;
				CLANG_WARN_INFINITE_RECURSION = YES;
				CLANG_WARN_INT_CONVERSION = YES;
				CLANG_WARN_NON_LITERAL_NULL_CONVERSION = YES;
				CLANG_WARN_OBJC_IMPLICIT_RETAIN_SELF = YES;
				CLANG_WARN_OBJC_LITERAL_CONVERSION = YES;
				CLANG_WARN_OBJC_ROOT_CLASS = YES_ERROR;
				CLANG_WARN_QUOTED_INCLUDE_IN_FRAMEWORK_HEADER = YES;
				CLANG_WARN_RANGE_LOOP_ANALYSIS = YES;
				CLANG_WARN_STRICT_PROTOTYPES = YES;
				CLANG_WARN_SUSPICIOUS_MOVE = YES;
				CLANG_WARN_UNGUARDED_AVAILABILITY = YES_AGGRESSIVE;
				CLANG_WARN_UNREACHABLE_CODE = YES;
				CLANG_WARN__DUPLICATE_METHOD_MATCH = YES;
				COPY_PHASE_STRIP = NO;
				DEBUG_INFORMATION_FORMAT = dwarf;
				ENABLE_STRICT_OBJC_MSGSEND = YES;
				ENABLE_TESTABILITY = YES;
				GCC_C_LANGUAGE_STANDARD = gnu11;
				GCC_DYNAMIC_NO_PIC = NO;
				GCC_NO_COMMON_BLOCKS = YES;
				GCC_OPTIMIZATION_LEVEL = 0;
				GCC_PREPROCESSOR_DEFINITIONS = (
					"DEBUG=1",
					"$(inherited)",
				);
				GCC_WARN_64_TO_32_BIT_CONVERSION = YES;
				GCC_WARN_ABOUT_RETURN_TYPE = YES_ERROR;
				GCC_WARN_UNDECLARED_SELECTOR = YES;
				GCC_WARN_UNINITIALIZED_AUTOS = YES_AGGRESSIVE;
				GCC_WARN_UNUSED_FUNCTION = YES;
				GCC_WARN_UNUSED_VARIABLE = YES;
				IPHONEOS_DEPLOYMENT_TARGET = 14.0;
				MTL_ENABLE_DEBUG_INFO = INCLUDE_SOURCE;
				MTL_FAST_MATH = YES;
				ONLY_ACTIVE_ARCH = YES;
				SDKROOT = iphoneos;
				SWIFT_ACTIVE_COMPILATION_CONDITIONS = DEBUG;
				SWIFT_OPTIMIZATION_LEVEL = "-Onone";
			};
			name = Debug;
		};
		F940B01E24C3E25B000E6D17 /* Release */ = {
			isa = XCBuildConfiguration;
			buildSettings = {
				ALWAYS_SEARCH_USER_PATHS = NO;
				CLANG_ANALYZER_NONNULL = YES;
				CLANG_ANALYZER_NUMBER_OBJECT_CONVERSION = YES_AGGRESSIVE;
				CLANG_CXX_LANGUAGE_STANDARD = "gnu++14";
				CLANG_CXX_LIBRARY = "libc++";
				CLANG_ENABLE_MODULES = YES;
				CLANG_ENABLE_OBJC_ARC = YES;
				CLANG_ENABLE_OBJC_WEAK = YES;
				CLANG_WARN_BLOCK_CAPTURE_AUTORELEASING = YES;
				CLANG_WARN_BOOL_CONVERSION = YES;
				CLANG_WARN_COMMA = YES;
				CLANG_WARN_CONSTANT_CONVERSION = YES;
				CLANG_WARN_DEPRECATED_OBJC_IMPLEMENTATIONS = YES;
				CLANG_WARN_DIRECT_OBJC_ISA_USAGE = YES_ERROR;
				CLANG_WARN_DOCUMENTATION_COMMENTS = YES;
				CLANG_WARN_EMPTY_BODY = YES;
				CLANG_WARN_ENUM_CONVERSION = YES;
				CLANG_WARN_INFINITE_RECURSION = YES;
				CLANG_WARN_INT_CONVERSION = YES;
				CLANG_WARN_NON_LITERAL_NULL_CONVERSION = YES;
				CLANG_WARN_OBJC_IMPLICIT_RETAIN_SELF = YES;
				CLANG_WARN_OBJC_LITERAL_CONVERSION = YES;
				CLANG_WARN_OBJC_ROOT_CLASS = YES_ERROR;
				CLANG_WARN_QUOTED_INCLUDE_IN_FRAMEWORK_HEADER = YES;
				CLANG_WARN_RANGE_LOOP_ANALYSIS = YES;
				CLANG_WARN_STRICT_PROTOTYPES = YES;
				CLANG_WARN_SUSPICIOUS_MOVE = YES;
				CLANG_WARN_UNGUARDED_AVAILABILITY = YES_AGGRESSIVE;
				CLANG_WARN_UNREACHABLE_CODE = YES;
				CLANG_WARN__DUPLICATE_METHOD_MATCH = YES;
				COPY_PHASE_STRIP = NO;
				DEBUG_INFORMATION_FORMAT = "dwarf-with-dsym";
				ENABLE_NS_ASSERTIONS = NO;
				ENABLE_STRICT_OBJC_MSGSEND = YES;
				GCC_C_LANGUAGE_STANDARD = gnu11;
				GCC_NO_COMMON_BLOCKS = YES;
				GCC_WARN_64_TO_32_BIT_CONVERSION = YES;
				GCC_WARN_ABOUT_RETURN_TYPE = YES_ERROR;
				GCC_WARN_UNDECLARED_SELECTOR = YES;
				GCC_WARN_UNINITIALIZED_AUTOS = YES_AGGRESSIVE;
				GCC_WARN_UNUSED_FUNCTION = YES;
				GCC_WARN_UNUSED_VARIABLE = YES;
				IPHONEOS_DEPLOYMENT_TARGET = 14.0;
				MTL_ENABLE_DEBUG_INFO = NO;
				MTL_FAST_MATH = YES;
				SDKROOT = iphoneos;
				SWIFT_COMPILATION_MODE = wholemodule;
				SWIFT_OPTIMIZATION_LEVEL = "-O";
				VALIDATE_PRODUCT = YES;
			};
			name = Release;
		};
		F940B02024C3E25B000E6D17 /* Debug */ = {
			isa = XCBuildConfiguration;
			buildSettings = {
				ASSETCATALOG_COMPILER_APPICON_NAME = AppIcon;
				ASSETCATALOG_COMPILER_GLOBAL_ACCENT_COLOR_NAME = AccentColor;
				CODE_SIGN_STYLE = Automatic;
				DEVELOPMENT_TEAM = QVEMCYHXHL;
				INFOPLIST_FILE = "Swift-Senpai-UICollectionView-List/Info.plist";
				LD_RUNPATH_SEARCH_PATHS = (
					"$(inherited)",
					"@executable_path/Frameworks",
				);
				PRODUCT_BUNDLE_IDENTIFIER = "com.leekahseng.Swift-Senpai-UICollectionView-List";
				PRODUCT_NAME = "$(TARGET_NAME)";
				SWIFT_VERSION = 5.0;
				TARGETED_DEVICE_FAMILY = 1;
			};
			name = Debug;
		};
		F940B02124C3E25B000E6D17 /* Release */ = {
			isa = XCBuildConfiguration;
			buildSettings = {
				ASSETCATALOG_COMPILER_APPICON_NAME = AppIcon;
				ASSETCATALOG_COMPILER_GLOBAL_ACCENT_COLOR_NAME = AccentColor;
				CODE_SIGN_STYLE = Automatic;
				DEVELOPMENT_TEAM = QVEMCYHXHL;
				INFOPLIST_FILE = "Swift-Senpai-UICollectionView-List/Info.plist";
				LD_RUNPATH_SEARCH_PATHS = (
					"$(inherited)",
					"@executable_path/Frameworks",
				);
				PRODUCT_BUNDLE_IDENTIFIER = "com.leekahseng.Swift-Senpai-UICollectionView-List";
				PRODUCT_NAME = "$(TARGET_NAME)";
				SWIFT_VERSION = 5.0;
				TARGETED_DEVICE_FAMILY = 1;
			};
			name = Release;
		};
/* End XCBuildConfiguration section */

/* Begin XCConfigurationList section */
		F940B00624C3E259000E6D17 /* Build configuration list for PBXProject "Swift-Senpai-UICollectionView-List" */ = {
			isa = XCConfigurationList;
			buildConfigurations = (
				F940B01D24C3E25B000E6D17 /* Debug */,
				F940B01E24C3E25B000E6D17 /* Release */,
			);
			defaultConfigurationIsVisible = 0;
			defaultConfigurationName = Release;
		};
		F940B01F24C3E25B000E6D17 /* Build configuration list for PBXNativeTarget "Swift-Senpai-UICollectionView-List" */ = {
			isa = XCConfigurationList;
			buildConfigurations = (
				F940B02024C3E25B000E6D17 /* Debug */,
				F940B02124C3E25B000E6D17 /* Release */,
			);
			defaultConfigurationIsVisible = 0;
			defaultConfigurationName = Release;
		};
/* End XCConfigurationList section */
	};
	rootObject = F940B00324C3E259000E6D17 /* Project object */;
}
